
Microsoft Visual Studio Solution File, Format Version 12.00
# Visual Studio 14
VisualStudioVersion = 14.0.25420.1
MinimumVisualStudioVersion = 10.0.40219.1
Project("{FAE04EC0-301F-11D3-BF4B-00C04F79EFBC}") = "NotesApp", "NotesApp\NotesApp.csproj", "{ABB8B6A4-0803-419D-934F-4D8139D8DEDD}"
EndProject
Global
	GlobalSection(SolutionConfigurationPlatforms) = preSolution
		Debug|Any CPU = Debug|Any CPU
		Release|Any CPU = Release|Any CPU
	EndGlobalSection
	GlobalSection(ProjectConfigurationPlatforms) = postSolution
		{ABB8B6A4-0803-419D-934F-4D8139D8DEDD}.Debug|Any CPU.ActiveCfg = Debug|Any CPU
		{ABB8B6A4-0803-419D-934F-4D8139D8DEDD}.Debug|Any CPU.Build.0 = Debug|Any CPU
		{ABB8B6A4-0803-419D-934F-4D8139D8DEDD}.Release|Any CPU.ActiveCfg = Release|Any CPU
		{ABB8B6A4-0803-419D-934F-4D8139D8DEDD}.Release|Any CPU.Build.0 = Release|Any CPU
	EndGlobalSection
	GlobalSection(SolutionProperties) = preSolution
		HideSolutionNode = FALSE
	EndGlobalSection
EndGlobal
